// !$*UTF8*$!
{
	archiveVersion = 1;
	classes = {
	};
	objectVersion = 50;
	objects = {

/* Begin PBXBuildFile section */
		774C5C492204BE1600162228 /* ViewController.swift in Sources */ = {isa = PBXBuildFile; fileRef = 774C5C412204BE1600162228 /* ViewController.swift */; };
		774C5C4A2204BE1600162228 /* Assets.xcassets in Resources */ = {isa = PBXBuildFile; fileRef = 774C5C422204BE1600162228 /* Assets.xcassets */; };
		774C5C4B2204BE1600162228 /* LaunchScreen.storyboard in Resources */ = {isa = PBXBuildFile; fileRef = 774C5C432204BE1600162228 /* LaunchScreen.storyboard */; };
		774C5C4C2204BE1600162228 /* Main.storyboard in Resources */ = {isa = PBXBuildFile; fileRef = 774C5C452204BE1600162228 /* Main.storyboard */; };
		774C5C4D2204BE1600162228 /* AppDelegate.swift in Sources */ = {isa = PBXBuildFile; fileRef = 774C5C472204BE1600162228 /* AppDelegate.swift */; };
		7756B573228F5B270003D23A /* Stacking.framework in Frameworks */ = {isa = PBXBuildFile; fileRef = 778C98A021E013570066F28A /* Stacking.framework */; };
		7756B574228F5B270003D23A /* Stacking.framework in Embed Frameworks */ = {isa = PBXBuildFile; fileRef = 778C98A021E013570066F28A /* Stacking.framework */; settings = {ATTRIBUTES = (CodeSignOnCopy, RemoveHeadersOnCopy, ); }; };
		778C98AA21E013570066F28A /* Stacking.framework in Frameworks */ = {isa = PBXBuildFile; fileRef = 778C98A021E013570066F28A /* Stacking.framework */; };
		778C98AF21E013570066F28A /* StackingTests.swift in Sources */ = {isa = PBXBuildFile; fileRef = 778C98AE21E013570066F28A /* StackingTests.swift */; };
		778C98B121E013570066F28A /* Stacking.h in Headers */ = {isa = PBXBuildFile; fileRef = 778C98A321E013570066F28A /* Stacking.h */; settings = {ATTRIBUTES = (Public, ); }; };
		778C98BB21E014290066F28A /* StackingView.swift in Sources */ = {isa = PBXBuildFile; fileRef = 778C98BA21E014290066F28A /* StackingView.swift */; };
		778C98BD21E020B60066F28A /* StackingViewController.swift in Sources */ = {isa = PBXBuildFile; fileRef = 778C98BC21E020B60066F28A /* StackingViewController.swift */; };
/* End PBXBuildFile section */

/* Begin PBXContainerItemProxy section */
		7756B575228F5B270003D23A /* PBXContainerItemProxy */ = {
			isa = PBXContainerItemProxy;
			containerPortal = 778C989721E013570066F28A /* Project object */;
			proxyType = 1;
			remoteGlobalIDString = 778C989F21E013570066F28A;
			remoteInfo = Stacking;
		};
		778C98AB21E013570066F28A /* PBXContainerItemProxy */ = {
			isa = PBXContainerItemProxy;
			containerPortal = 778C989721E013570066F28A /* Project object */;
			proxyType = 1;
			remoteGlobalIDString = 778C989F21E013570066F28A;
			remoteInfo = Stacking;
		};
/* End PBXContainerItemProxy section */

/* Begin PBXCopyFilesBuildPhase section */
		7756B577228F5B270003D23A /* Embed Frameworks */ = {
			isa = PBXCopyFilesBuildPhase;
			buildActionMask = 2147483647;
			dstPath = "";
			dstSubfolderSpec = 10;
			files = (
				7756B574228F5B270003D23A /* Stacking.framework in Embed Frameworks */,
			);
			name = "Embed Frameworks";
			runOnlyForDeploymentPostprocessing = 0;
		};
/* End PBXCopyFilesBuildPhase section */

/* Begin PBXFileReference section */
		774C5C2E2204BDE500162228 /* StackingExample.app */ = {isa = PBXFileReference; explicitFileType = wrapper.application; includeInIndex = 0; path = StackingExample.app; sourceTree = BUILT_PRODUCTS_DIR; };
		774C5C412204BE1600162228 /* ViewController.swift */ = {isa = PBXFileReference; fileEncoding = 4; lastKnownFileType = sourcecode.swift; path = ViewController.swift; sourceTree = "<group>"; };
		774C5C422204BE1600162228 /* Assets.xcassets */ = {isa = PBXFileReference; lastKnownFileType = folder.assetcatalog; path = Assets.xcassets; sourceTree = "<group>"; };
		774C5C442204BE1600162228 /* Base */ = {isa = PBXFileReference; lastKnownFileType = file.storyboard; name = Base; path = Base.lproj/LaunchScreen.storyboard; sourceTree = "<group>"; };
		774C5C462204BE1600162228 /* Base */ = {isa = PBXFileReference; lastKnownFileType = file.storyboard; name = Base; path = Base.lproj/Main.storyboard; sourceTree = "<group>"; };
		774C5C472204BE1600162228 /* AppDelegate.swift */ = {isa = PBXFileReference; fileEncoding = 4; lastKnownFileType = sourcecode.swift; path = AppDelegate.swift; sourceTree = "<group>"; };
		774C5C512204C17100162228 /* Info.plist */ = {isa = PBXFileReference; lastKnownFileType = text.plist.xml; path = Info.plist; sourceTree = "<group>"; };
		778C98A021E013570066F28A /* Stacking.framework */ = {isa = PBXFileReference; explicitFileType = wrapper.framework; includeInIndex = 0; path = Stacking.framework; sourceTree = BUILT_PRODUCTS_DIR; };
		778C98A321E013570066F28A /* Stacking.h */ = {isa = PBXFileReference; lastKnownFileType = sourcecode.c.h; path = Stacking.h; sourceTree = "<group>"; };
		778C98A421E013570066F28A /* Info.plist */ = {isa = PBXFileReference; lastKnownFileType = text.plist.xml; path = Info.plist; sourceTree = "<group>"; };
		778C98A921E013570066F28A /* StackingTests.xctest */ = {isa = PBXFileReference; explicitFileType = wrapper.cfbundle; includeInIndex = 0; path = StackingTests.xctest; sourceTree = BUILT_PRODUCTS_DIR; };
		778C98AE21E013570066F28A /* StackingTests.swift */ = {isa = PBXFileReference; lastKnownFileType = sourcecode.swift; path = StackingTests.swift; sourceTree = "<group>"; };
		778C98B021E013570066F28A /* Info.plist */ = {isa = PBXFileReference; lastKnownFileType = text.plist.xml; path = Info.plist; sourceTree = "<group>"; };
		778C98BA21E014290066F28A /* StackingView.swift */ = {isa = PBXFileReference; lastKnownFileType = sourcecode.swift; path = StackingView.swift; sourceTree = "<group>"; };
		778C98BC21E020B60066F28A /* StackingViewController.swift */ = {isa = PBXFileReference; lastKnownFileType = sourcecode.swift; path = StackingViewController.swift; sourceTree = "<group>"; };
/* End PBXFileReference section */

/* Begin PBXFrameworksBuildPhase section */
		774C5C2B2204BDE500162228 /* Frameworks */ = {
			isa = PBXFrameworksBuildPhase;
			buildActionMask = 2147483647;
			files = (
				7756B573228F5B270003D23A /* Stacking.framework in Frameworks */,
			);
			runOnlyForDeploymentPostprocessing = 0;
		};
		778C989D21E013570066F28A /* Frameworks */ = {
			isa = PBXFrameworksBuildPhase;
			buildActionMask = 2147483647;
			files = (
			);
			runOnlyForDeploymentPostprocessing = 0;
		};
		778C98A621E013570066F28A /* Frameworks */ = {
			isa = PBXFrameworksBuildPhase;
			buildActionMask = 2147483647;
			files = (
				778C98AA21E013570066F28A /* Stacking.framework in Frameworks */,
			);
			runOnlyForDeploymentPostprocessing = 0;
		};
/* End PBXFrameworksBuildPhase section */

/* Begin PBXGroup section */
		774C5C402204BE1600162228 /* StackingExample */ = {
			isa = PBXGroup;
			children = (
				774C5C472204BE1600162228 /* AppDelegate.swift */,
				774C5C412204BE1600162228 /* ViewController.swift */,
				774C5C452204BE1600162228 /* Main.storyboard */,
				774C5C432204BE1600162228 /* LaunchScreen.storyboard */,
				774C5C422204BE1600162228 /* Assets.xcassets */,
				774C5C512204C17100162228 /* Info.plist */,
			);
			path = StackingExample;
			sourceTree = SOURCE_ROOT;
		};
		778C989621E013570066F28A = {
			isa = PBXGroup;
			children = (
				778C98A221E013570066F28A /* Stacking */,
				774C5C402204BE1600162228 /* StackingExample */,
				778C98AD21E013570066F28A /* StackingTests */,
				778C98A121E013570066F28A /* Products */,
			);
			sourceTree = "<group>";
		};
		778C98A121E013570066F28A /* Products */ = {
			isa = PBXGroup;
			children = (
				778C98A021E013570066F28A /* Stacking.framework */,
				778C98A921E013570066F28A /* StackingTests.xctest */,
				774C5C2E2204BDE500162228 /* StackingExample.app */,
			);
			name = Products;
			sourceTree = "<group>";
		};
		778C98A221E013570066F28A /* Stacking */ = {
			isa = PBXGroup;
			children = (
				778C98A321E013570066F28A /* Stacking.h */,
				778C98A421E013570066F28A /* Info.plist */,
				778C98BA21E014290066F28A /* StackingView.swift */,
				778C98BC21E020B60066F28A /* StackingViewController.swift */,
			);
			path = Stacking;
			sourceTree = "<group>";
		};
		778C98AD21E013570066F28A /* StackingTests */ = {
			isa = PBXGroup;
			children = (
				778C98AE21E013570066F28A /* StackingTests.swift */,
				778C98B021E013570066F28A /* Info.plist */,
			);
			path = StackingTests;
			sourceTree = "<group>";
		};
/* End PBXGroup section */

/* Begin PBXHeadersBuildPhase section */
		778C989B21E013570066F28A /* Headers */ = {
			isa = PBXHeadersBuildPhase;
			buildActionMask = 2147483647;
			files = (
				778C98B121E013570066F28A /* Stacking.h in Headers */,
			);
			runOnlyForDeploymentPostprocessing = 0;
		};
/* End PBXHeadersBuildPhase section */

/* Begin PBXNativeTarget section */
		774C5C2D2204BDE500162228 /* StackingExample */ = {
			isa = PBXNativeTarget;
			buildConfigurationList = 774C5C3F2204BDE600162228 /* Build configuration list for PBXNativeTarget "StackingExample" */;
			buildPhases = (
				774C5C2A2204BDE500162228 /* Sources */,
				774C5C2B2204BDE500162228 /* Frameworks */,
				774C5C2C2204BDE500162228 /* Resources */,
				7756B577228F5B270003D23A /* Embed Frameworks */,
			);
			buildRules = (
			);
			dependencies = (
				7756B576228F5B270003D23A /* PBXTargetDependency */,
			);
			name = StackingExample;
			productName = StackingExample;
			productReference = 774C5C2E2204BDE500162228 /* StackingExample.app */;
			productType = "com.apple.product-type.application";
		};
		778C989F21E013570066F28A /* Stacking */ = {
			isa = PBXNativeTarget;
			buildConfigurationList = 778C98B421E013570066F28A /* Build configuration list for PBXNativeTarget "Stacking" */;
			buildPhases = (
				778C989B21E013570066F28A /* Headers */,
				778C989C21E013570066F28A /* Sources */,
				778C989D21E013570066F28A /* Frameworks */,
				778C989E21E013570066F28A /* Resources */,
			);
			buildRules = (
			);
			dependencies = (
			);
			name = Stacking;
			productName = Stacking;
			productReference = 778C98A021E013570066F28A /* Stacking.framework */;
			productType = "com.apple.product-type.framework";
		};
		778C98A821E013570066F28A /* StackingTests */ = {
			isa = PBXNativeTarget;
			buildConfigurationList = 778C98B721E013570066F28A /* Build configuration list for PBXNativeTarget "StackingTests" */;
			buildPhases = (
				778C98A521E013570066F28A /* Sources */,
				778C98A621E013570066F28A /* Frameworks */,
				778C98A721E013570066F28A /* Resources */,
			);
			buildRules = (
			);
			dependencies = (
				778C98AC21E013570066F28A /* PBXTargetDependency */,
			);
			name = StackingTests;
			productName = StackingTests;
			productReference = 778C98A921E013570066F28A /* StackingTests.xctest */;
			productType = "com.apple.product-type.bundle.unit-test";
		};
/* End PBXNativeTarget section */

/* Begin PBXProject section */
		778C989721E013570066F28A /* Project object */ = {
			isa = PBXProject;
			attributes = {
				LastSwiftUpdateCheck = 1010;
				LastUpgradeCheck = 1010;
				ORGANIZATIONNAME = "Brandon Erbschloe";
				TargetAttributes = {
					774C5C2D2204BDE500162228 = {
						CreatedOnToolsVersion = 10.1;
						LastSwiftMigration = 1020;
					};
					778C989F21E013570066F28A = {
						CreatedOnToolsVersion = 10.1;
						LastSwiftMigration = 1020;
					};
					778C98A821E013570066F28A = {
						CreatedOnToolsVersion = 10.1;
						LastSwiftMigration = 1020;
					};
				};
			};
			buildConfigurationList = 778C989A21E013570066F28A /* Build configuration list for PBXProject "Stacking" */;
			compatibilityVersion = "Xcode 9.3";
			developmentRegion = en;
			hasScannedForEncodings = 0;
			knownRegions = (
				en,
				Base,
			);
			mainGroup = 778C989621E013570066F28A;
			productRefGroup = 778C98A121E013570066F28A /* Products */;
			projectDirPath = "";
			projectRoot = "";
			targets = (
				778C989F21E013570066F28A /* Stacking */,
				778C98A821E013570066F28A /* StackingTests */,
				774C5C2D2204BDE500162228 /* StackingExample */,
			);
		};
/* End PBXProject section */

/* Begin PBXResourcesBuildPhase section */
		774C5C2C2204BDE500162228 /* Resources */ = {
			isa = PBXResourcesBuildPhase;
			buildActionMask = 2147483647;
			files = (
				774C5C4C2204BE1600162228 /* Main.storyboard in Resources */,
				774C5C4A2204BE1600162228 /* Assets.xcassets in Resources */,
				774C5C4B2204BE1600162228 /* LaunchScreen.storyboard in Resources */,
			);
			runOnlyForDeploymentPostprocessing = 0;
		};
		778C989E21E013570066F28A /* Resources */ = {
			isa = PBXResourcesBuildPhase;
			buildActionMask = 2147483647;
			files = (
			);
			runOnlyForDeploymentPostprocessing = 0;
		};
		778C98A721E013570066F28A /* Resources */ = {
			isa = PBXResourcesBuildPhase;
			buildActionMask = 2147483647;
			files = (
			);
			runOnlyForDeploymentPostprocessing = 0;
		};
/* End PBXResourcesBuildPhase section */

/* Begin PBXSourcesBuildPhase section */
		774C5C2A2204BDE500162228 /* Sources */ = {
			isa = PBXSourcesBuildPhase;
			buildActionMask = 2147483647;
			files = (
				774C5C4D2204BE1600162228 /* AppDelegate.swift in Sources */,
				774C5C492204BE1600162228 /* ViewController.swift in Sources */,
			);
			runOnlyForDeploymentPostprocessing = 0;
		};
		778C989C21E013570066F28A /* Sources */ = {
			isa = PBXSourcesBuildPhase;
			buildActionMask = 2147483647;
			files = (
				778C98BB21E014290066F28A /* StackingView.swift in Sources */,
				778C98BD21E020B60066F28A /* StackingViewController.swift in Sources */,
			);
			runOnlyForDeploymentPostprocessing = 0;
		};
		778C98A521E013570066F28A /* Sources */ = {
			isa = PBXSourcesBuildPhase;
			buildActionMask = 2147483647;
			files = (
				778C98AF21E013570066F28A /* StackingTests.swift in Sources */,
			);
			runOnlyForDeploymentPostprocessing = 0;
		};
/* End PBXSourcesBuildPhase section */

/* Begin PBXTargetDependency section */
		7756B576228F5B270003D23A /* PBXTargetDependency */ = {
			isa = PBXTargetDependency;
			target = 778C989F21E013570066F28A /* Stacking */;
			targetProxy = 7756B575228F5B270003D23A /* PBXContainerItemProxy */;
		};
		778C98AC21E013570066F28A /* PBXTargetDependency */ = {
			isa = PBXTargetDependency;
			target = 778C989F21E013570066F28A /* Stacking */;
			targetProxy = 778C98AB21E013570066F28A /* PBXContainerItemProxy */;
		};
/* End PBXTargetDependency section */

/* Begin PBXVariantGroup section */
		774C5C432204BE1600162228 /* LaunchScreen.storyboard */ = {
			isa = PBXVariantGroup;
			children = (
				774C5C442204BE1600162228 /* Base */,
			);
			name = LaunchScreen.storyboard;
			sourceTree = "<group>";
		};
		774C5C452204BE1600162228 /* Main.storyboard */ = {
			isa = PBXVariantGroup;
			children = (
				774C5C462204BE1600162228 /* Base */,
			);
			name = Main.storyboard;
			sourceTree = "<group>";
		};
/* End PBXVariantGroup section */

/* Begin XCBuildConfiguration section */
		774C5C3D2204BDE600162228 /* Debug */ = {
			isa = XCBuildConfiguration;
			buildSettings = {
				ALWAYS_EMBED_SWIFT_STANDARD_LIBRARIES = YES;
				ASSETCATALOG_COMPILER_APPICON_NAME = AppIcon;
				CODE_SIGN_STYLE = Automatic;
				INFOPLIST_FILE = StackingExample/Info.plist;
				IPHONEOS_DEPLOYMENT_TARGET = 12.1;
				LD_RUNPATH_SEARCH_PATHS = (
					"$(inherited)",
					"@executable_path/Frameworks",
				);
				PRODUCT_BUNDLE_IDENTIFIER = "com.brandon-erbschloe.StackingExample";
				PRODUCT_NAME = "$(TARGET_NAME)";
				SWIFT_VERSION = 5.0;
				TARGETED_DEVICE_FAMILY = "1,2";
			};
			name = Debug;
		};
		774C5C3E2204BDE600162228 /* Release */ = {
			isa = XCBuildConfiguration;
			buildSettings = {
				ALWAYS_EMBED_SWIFT_STANDARD_LIBRARIES = YES;
				ASSETCATALOG_COMPILER_APPICON_NAME = AppIcon;
				CODE_SIGN_STYLE = Automatic;
				INFOPLIST_FILE = StackingExample/Info.plist;
				IPHONEOS_DEPLOYMENT_TARGET = 12.1;
				LD_RUNPATH_SEARCH_PATHS = (
					"$(inherited)",
					"@executable_path/Frameworks",
				);
				PRODUCT_BUNDLE_IDENTIFIER = "com.brandon-erbschloe.StackingExample";
				PRODUCT_NAME = "$(TARGET_NAME)";
				SWIFT_VERSION = 5.0;
				TARGETED_DEVICE_FAMILY = "1,2";
			};
			name = Release;
		};
		778C98B221E013570066F28A /* Debug */ = {
			isa = XCBuildConfiguration;
			buildSettings = {
				ALWAYS_SEARCH_USER_PATHS = NO;
				CLANG_ANALYZER_NONNULL = YES;
				CLANG_ANALYZER_NUMBER_OBJECT_CONVERSION = YES_AGGRESSIVE;
				CLANG_CXX_LANGUAGE_STANDARD = "gnu++14";
				CLANG_CXX_LIBRARY = "libc++";
				CLANG_ENABLE_MODULES = YES;
				CLANG_ENABLE_OBJC_ARC = YES;
				CLANG_ENABLE_OBJC_WEAK = YES;
				CLANG_WARN_BLOCK_CAPTURE_AUTORELEASING = YES;
				CLANG_WARN_BOOL_CONVERSION = YES;
				CLANG_WARN_COMMA = YES;
				CLANG_WARN_CONSTANT_CONVERSION = YES;
				CLANG_WARN_DEPRECATED_OBJC_IMPLEMENTATIONS = YES;
				CLANG_WARN_DIRECT_OBJC_ISA_USAGE = YES_ERROR;
				CLANG_WARN_DOCUMENTATION_COMMENTS = YES;
				CLANG_WARN_EMPTY_BODY = YES;
				CLANG_WARN_ENUM_CONVERSION = YES;
				CLANG_WARN_INFINITE_RECURSION = YES;
				CLANG_WARN_INT_CONVERSION = YES;
				CLANG_WARN_NON_LITERAL_NULL_CONVERSION = YES;
				CLANG_WARN_OBJC_IMPLICIT_RETAIN_SELF = YES;
				CLANG_WARN_OBJC_LITERAL_CONVERSION = YES;
				CLANG_WARN_OBJC_ROOT_CLASS = YES_ERROR;
				CLANG_WARN_RANGE_LOOP_ANALYSIS = YES;
				CLANG_WARN_STRICT_PROTOTYPES = YES;
				CLANG_WARN_SUSPICIOUS_MOVE = YES;
				CLANG_WARN_UNGUARDED_AVAILABILITY = YES_AGGRESSIVE;
				CLANG_WARN_UNREACHABLE_CODE = YES;
				CLANG_WARN__DUPLICATE_METHOD_MATCH = YES;
				CODE_SIGN_IDENTITY = "iPhone Developer";
				COPY_PHASE_STRIP = NO;
				CURRENT_PROJECT_VERSION = 1;
				DEBUG_INFORMATION_FORMAT = dwarf;
				ENABLE_STRICT_OBJC_MSGSEND = YES;
				ENABLE_TESTABILITY = YES;
				GCC_C_LANGUAGE_STANDARD = gnu11;
				GCC_DYNAMIC_NO_PIC = NO;
				GCC_NO_COMMON_BLOCKS = YES;
				GCC_OPTIMIZATION_LEVEL = 0;
				GCC_PREPROCESSOR_DEFINITIONS = (
					"DEBUG=1",
					"$(inherited)",
				);
				GCC_WARN_64_TO_32_BIT_CONVERSION = YES;
				GCC_WARN_ABOUT_RETURN_TYPE = YES_ERROR;
				GCC_WARN_UNDECLARED_SELECTOR = YES;
				GCC_WARN_UNINITIALIZED_AUTOS = YES_AGGRESSIVE;
				GCC_WARN_UNUSED_FUNCTION = YES;
				GCC_WARN_UNUSED_VARIABLE = YES;
				IPHONEOS_DEPLOYMENT_TARGET = 10.0;
				MTL_ENABLE_DEBUG_INFO = INCLUDE_SOURCE;
				MTL_FAST_MATH = YES;
				ONLY_ACTIVE_ARCH = YES;
				SDKROOT = iphoneos;
				SWIFT_ACTIVE_COMPILATION_CONDITIONS = DEBUG;
				SWIFT_OPTIMIZATION_LEVEL = "-Onone";
				VERSIONING_SYSTEM = "apple-generic";
				VERSION_INFO_PREFIX = "";
			};
			name = Debug;
		};
		778C98B321E013570066F28A /* Release */ = {
			isa = XCBuildConfiguration;
			buildSettings = {
				ALWAYS_SEARCH_USER_PATHS = NO;
				CLANG_ANALYZER_NONNULL = YES;
				CLANG_ANALYZER_NUMBER_OBJECT_CONVERSION = YES_AGGRESSIVE;
				CLANG_CXX_LANGUAGE_STANDARD = "gnu++14";
				CLANG_CXX_LIBRARY = "libc++";
				CLANG_ENABLE_MODULES = YES;
				CLANG_ENABLE_OBJC_ARC = YES;
				CLANG_ENABLE_OBJC_WEAK = YES;
				CLANG_WARN_BLOCK_CAPTURE_AUTORELEASING = YES;
				CLANG_WARN_BOOL_CONVERSION = YES;
				CLANG_WARN_COMMA = YES;
				CLANG_WARN_CONSTANT_CONVERSION = YES;
				CLANG_WARN_DEPRECATED_OBJC_IMPLEMENTATIONS = YES;
				CLANG_WARN_DIRECT_OBJC_ISA_USAGE = YES_ERROR;
				CLANG_WARN_DOCUMENTATION_COMMENTS = YES;
				CLANG_WARN_EMPTY_BODY = YES;
				CLANG_WARN_ENUM_CONVERSION = YES;
				CLANG_WARN_INFINITE_RECURSION = YES;
				CLANG_WARN_INT_CONVERSION = YES;
				CLANG_WARN_NON_LITERAL_NULL_CONVERSION = YES;
				CLANG_WARN_OBJC_IMPLICIT_RETAIN_SELF = YES;
				CLANG_WARN_OBJC_LITERAL_CONVERSION = YES;
				CLANG_WARN_OBJC_ROOT_CLASS = YES_ERROR;
				CLANG_WARN_RANGE_LOOP_ANALYSIS = YES;
				CLANG_WARN_STRICT_PROTOTYPES = YES;
				CLANG_WARN_SUSPICIOUS_MOVE = YES;
				CLANG_WARN_UNGUARDED_AVAILABILITY = YES_AGGRESSIVE;
				CLANG_WARN_UNREACHABLE_CODE = YES;
				CLANG_WARN__DUPLICATE_METHOD_MATCH = YES;
				CODE_SIGN_IDENTITY = "iPhone Developer";
				COPY_PHASE_STRIP = NO;
				CURRENT_PROJECT_VERSION = 1;
				DEBUG_INFORMATION_FORMAT = "dwarf-with-dsym";
				ENABLE_NS_ASSERTIONS = NO;
				ENABLE_STRICT_OBJC_MSGSEND = YES;
				GCC_C_LANGUAGE_STANDARD = gnu11;
				GCC_NO_COMMON_BLOCKS = YES;
				GCC_WARN_64_TO_32_BIT_CONVERSION = YES;
				GCC_WARN_ABOUT_RETURN_TYPE = YES_ERROR;
				GCC_WARN_UNDECLARED_SELECTOR = YES;
				GCC_WARN_UNINITIALIZED_AUTOS = YES_AGGRESSIVE;
				GCC_WARN_UNUSED_FUNCTION = YES;
				GCC_WARN_UNUSED_VARIABLE = YES;
				IPHONEOS_DEPLOYMENT_TARGET = 10.0;
				MTL_ENABLE_DEBUG_INFO = NO;
				MTL_FAST_MATH = YES;
				SDKROOT = iphoneos;
				SWIFT_COMPILATION_MODE = wholemodule;
				SWIFT_OPTIMIZATION_LEVEL = "-O";
				VALIDATE_PRODUCT = YES;
				VERSIONING_SYSTEM = "apple-generic";
				VERSION_INFO_PREFIX = "";
			};
			name = Release;
		};
		778C98B521E013570066F28A /* Debug */ = {
			isa = XCBuildConfiguration;
			buildSettings = {
				CLANG_ENABLE_MODULES = YES;
				CODE_SIGN_IDENTITY = "";
				CODE_SIGN_STYLE = Automatic;
				DEFINES_MODULE = YES;
				DYLIB_COMPATIBILITY_VERSION = 1;
				DYLIB_CURRENT_VERSION = 1;
				DYLIB_INSTALL_NAME_BASE = "@rpath";
				INFOPLIST_FILE = Stacking/Info.plist;
				INSTALL_PATH = "$(LOCAL_LIBRARY_DIR)/Frameworks";
				IPHONEOS_DEPLOYMENT_TARGET = 10.0;
				LD_RUNPATH_SEARCH_PATHS = (
					"$(inherited)",
					"@executable_path/Frameworks",
					"@loader_path/Frameworks",
				);
				PRODUCT_BUNDLE_IDENTIFIER = "com.brandon-erbschloe.Stacking";
				PRODUCT_NAME = "$(TARGET_NAME:c99extidentifier)";
				SKIP_INSTALL = YES;
				SWIFT_OPTIMIZATION_LEVEL = "-Onone";
				SWIFT_VERSION = 5.0;
				TARGETED_DEVICE_FAMILY = "1,2";
			};
			name = Debug;
		};
		778C98B621E013570066F28A /* Release */ = {
			isa = XCBuildConfiguration;
			buildSettings = {
				CLANG_ENABLE_MODULES = YES;
				CODE_SIGN_IDENTITY = "";
				CODE_SIGN_STYLE = Automatic;
				DEFINES_MODULE = YES;
				DYLIB_COMPATIBILITY_VERSION = 1;
				DYLIB_CURRENT_VERSION = 1;
				DYLIB_INSTALL_NAME_BASE = "@rpath";
				INFOPLIST_FILE = Stacking/Info.plist;
				INSTALL_PATH = "$(LOCAL_LIBRARY_DIR)/Frameworks";
				IPHONEOS_DEPLOYMENT_TARGET = 10.0;
				LD_RUNPATH_SEARCH_PATHS = (
					"$(inherited)",
					"@executable_path/Frameworks",
					"@loader_path/Frameworks",
				);
				PRODUCT_BUNDLE_IDENTIFIER = "com.brandon-erbschloe.Stacking";
				PRODUCT_NAME = "$(TARGET_NAME:c99extidentifier)";
				SKIP_INSTALL = YES;
				SWIFT_VERSION = 5.0;
				TARGETED_DEVICE_FAMILY = "1,2";
			};
			name = Release;
		};
		778C98B821E013570066F28A /* Debug */ = {
			isa = XCBuildConfiguration;
			buildSettings = {
				ALWAYS_EMBED_SWIFT_STANDARD_LIBRARIES = YES;
				CODE_SIGN_STYLE = Automatic;
				INFOPLIST_FILE = StackingTests/Info.plist;
				LD_RUNPATH_SEARCH_PATHS = (
					"$(inherited)",
					"@executable_path/Frameworks",
					"@loader_path/Frameworks",
				);
				PRODUCT_BUNDLE_IDENTIFIER = "com.brandon-erbschloe.StackingTests";
				PRODUCT_NAME = "$(TARGET_NAME)";
				SWIFT_VERSION = 5.0;
				TARGETED_DEVICE_FAMILY = "1,2";
			};
			name = Debug;
		};
		778C98B921E013570066F28A /* Release */ = {
			isa = XCBuildConfiguration;
			buildSettings = {
				ALWAYS_EMBED_SWIFT_STANDARD_LIBRARIES = YES;
				CODE_SIGN_STYLE = Automatic;
				INFOPLIST_FILE = StackingTests/Info.plist;
				LD_RUNPATH_SEARCH_PATHS = (
					"$(inherited)",
					"@executable_path/Frameworks",
					"@loader_path/Frameworks",
				);
				PRODUCT_BUNDLE_IDENTIFIER = "com.brandon-erbschloe.StackingTests";
				PRODUCT_NAME = "$(TARGET_NAME)";
				SWIFT_VERSION = 5.0;
				TARGETED_DEVICE_FAMILY = "1,2";
			};
			name = Release;
		};
/* End XCBuildConfiguration section */

/* Begin XCConfigurationList section */
		774C5C3F2204BDE600162228 /* Build configuration list for PBXNativeTarget "StackingExample" */ = {
			isa = XCConfigurationList;
			buildConfigurations = (
				774C5C3D2204BDE600162228 /* Debug */,
				774C5C3E2204BDE600162228 /* Release */,
			);
			defaultConfigurationIsVisible = 0;
			defaultConfigurationName = Release;
		};
		778C989A21E013570066F28A /* Build configuration list for PBXProject "Stacking" */ = {
			isa = XCConfigurationList;
			buildConfigurations = (
				778C98B221E013570066F28A /* Debug */,
				778C98B321E013570066F28A /* Release */,
			);
			defaultConfigurationIsVisible = 0;
			defaultConfigurationName = Release;
		};
		778C98B421E013570066F28A /* Build configuration list for PBXNativeTarget "Stacking" */ = {
			isa = XCConfigurationList;
			buildConfigurations = (
				778C98B521E013570066F28A /* Debug */,
				778C98B621E013570066F28A /* Release */,
			);
			defaultConfigurationIsVisible = 0;
			defaultConfigurationName = Release;
		};
		778C98B721E013570066F28A /* Build configuration list for PBXNativeTarget "StackingTests" */ = {
			isa = XCConfigurationList;
			buildConfigurations = (
				778C98B821E013570066F28A /* Debug */,
				778C98B921E013570066F28A /* Release */,
			);
			defaultConfigurationIsVisible = 0;
			defaultConfigurationName = Release;
		};
/* End XCConfigurationList section */
	};
	rootObject = 778C989721E013570066F28A /* Project object */;
}
